
Microsoft Visual Studio Solution File, Format Version 12.00
# Visual Studio 15
Project("{FAE04EC0-301F-11D3-BF4B-00C04F79EFBC}") = "Assembly-CSharp", "Assembly-CSharp.csproj", "{FBC37B71-2BA3-29CD-640A-65CEDA175BDA}"
EndProject
Global
	GlobalSection(SolutionConfigurationPlatforms) = preSolution
		Debug|Any CPU = Debug|Any CPU
		Release|Any CPU = Release|Any CPU
	EndGlobalSection
	GlobalSection(ProjectConfigurationPlatforms) = postSolution
		{FBC37B71-2BA3-29CD-640A-65CEDA175BDA}.Debug|Any CPU.ActiveCfg = Debug|Any CPU
		{FBC37B71-2BA3-29CD-640A-65CEDA175BDA}.Debug|Any CPU.Build.0 = Debug|Any CPU
		{FBC37B71-2BA3-29CD-640A-65CEDA175BDA}.Release|Any CPU.ActiveCfg = Release|Any CPU
		{FBC37B71-2BA3-29CD-640A-65CEDA175BDA}.Release|Any CPU.Build.0 = Release|Any CPU
	EndGlobalSection
	GlobalSection(SolutionProperties) = preSolution
		HideSolutionNode = FALSE
	EndGlobalSection
EndGlobal
